// !$*UTF8*$!
{
	archiveVersion = 1;
	classes = {
	};
	objectVersion = 55;
	objects = {

/* Begin PBXBuildFile section */
		4A5AD7D3272F6C2E004B08A3 /* ImageTableViewCell.swift in Sources */ = {isa = PBXBuildFile; fileRef = 4A5AD7D2272F6C2E004B08A3 /* ImageTableViewCell.swift */; };
		4A5AD7D6272F9799004B08A3 /* ImageCell.swift in Sources */ = {isa = PBXBuildFile; fileRef = 4A5AD7D4272F9799004B08A3 /* ImageCell.swift */; };
		4A5AD7D7272F9799004B08A3 /* ImageCell.xib in Resources */ = {isa = PBXBuildFile; fileRef = 4A5AD7D5272F9799004B08A3 /* ImageCell.xib */; };
		4A5DC3CB272C9F2F0033C983 /* Constants.swift in Sources */ = {isa = PBXBuildFile; fileRef = 4A5DC3CA272C9F2F0033C983 /* Constants.swift */; };
		4A5DC3CF272CA0090033C983 /* NetworkManager.swift in Sources */ = {isa = PBXBuildFile; fileRef = 4A5DC3CE272CA0090033C983 /* NetworkManager.swift */; };
		4A5DC3D2272CA0470033C983 /* ImageData.swift in Sources */ = {isa = PBXBuildFile; fileRef = 4A5DC3D1272CA0470033C983 /* ImageData.swift */; };
		4AD22AAF272C971500F820BF /* AppDelegate.swift in Sources */ = {isa = PBXBuildFile; fileRef = 4AD22AAE272C971500F820BF /* AppDelegate.swift */; };
		4AD22AB1272C971500F820BF /* SceneDelegate.swift in Sources */ = {isa = PBXBuildFile; fileRef = 4AD22AB0272C971500F820BF /* SceneDelegate.swift */; };
		4AD22AB3272C971500F820BF /* ImageViewController.swift in Sources */ = {isa = PBXBuildFile; fileRef = 4AD22AB2272C971500F820BF /* ImageViewController.swift */; };
		4AD22AB6272C971500F820BF /* Main.storyboard in Resources */ = {isa = PBXBuildFile; fileRef = 4AD22AB4272C971500F820BF /* Main.storyboard */; };
		4AD22AB8272C971700F820BF /* Assets.xcassets in Resources */ = {isa = PBXBuildFile; fileRef = 4AD22AB7272C971700F820BF /* Assets.xcassets */; };
		4AD22ABB272C971700F820BF /* LaunchScreen.storyboard in Resources */ = {isa = PBXBuildFile; fileRef = 4AD22AB9272C971700F820BF /* LaunchScreen.storyboard */; };
/* End PBXBuildFile section */

/* Begin PBXFileReference section */
		4A5AD7D2272F6C2E004B08A3 /* ImageTableViewCell.swift */ = {isa = PBXFileReference; lastKnownFileType = sourcecode.swift; path = ImageTableViewCell.swift; sourceTree = "<group>"; };
		4A5AD7D4272F9799004B08A3 /* ImageCell.swift */ = {isa = PBXFileReference; lastKnownFileType = sourcecode.swift; path = ImageCell.swift; sourceTree = "<group>"; };
		4A5AD7D5272F9799004B08A3 /* ImageCell.xib */ = {isa = PBXFileReference; lastKnownFileType = file.xib; path = ImageCell.xib; sourceTree = "<group>"; };
		4A5DC3CA272C9F2F0033C983 /* Constants.swift */ = {isa = PBXFileReference; lastKnownFileType = sourcecode.swift; path = Constants.swift; sourceTree = "<group>"; };
		4A5DC3CE272CA0090033C983 /* NetworkManager.swift */ = {isa = PBXFileReference; lastKnownFileType = sourcecode.swift; path = NetworkManager.swift; sourceTree = "<group>"; };
		4A5DC3D1272CA0470033C983 /* ImageData.swift */ = {isa = PBXFileReference; lastKnownFileType = sourcecode.swift; path = ImageData.swift; sourceTree = "<group>"; };
		4AD22AAB272C971500F820BF /* NASA Images.app */ = {isa = PBXFileReference; explicitFileType = wrapper.application; includeInIndex = 0; path = "NASA Images.app"; sourceTree = BUILT_PRODUCTS_DIR; };
		4AD22AAE272C971500F820BF /* AppDelegate.swift */ = {isa = PBXFileReference; lastKnownFileType = sourcecode.swift; path = AppDelegate.swift; sourceTree = "<group>"; };
		4AD22AB0272C971500F820BF /* SceneDelegate.swift */ = {isa = PBXFileReference; lastKnownFileType = sourcecode.swift; path = SceneDelegate.swift; sourceTree = "<group>"; };
		4AD22AB2272C971500F820BF /* ImageViewController.swift */ = {isa = PBXFileReference; lastKnownFileType = sourcecode.swift; path = ImageViewController.swift; sourceTree = "<group>"; };
		4AD22AB5272C971500F820BF /* Base */ = {isa = PBXFileReference; lastKnownFileType = file.storyboard; name = Base; path = Base.lproj/Main.storyboard; sourceTree = "<group>"; };
		4AD22AB7272C971700F820BF /* Assets.xcassets */ = {isa = PBXFileReference; lastKnownFileType = folder.assetcatalog; path = Assets.xcassets; sourceTree = "<group>"; };
		4AD22ABA272C971700F820BF /* Base */ = {isa = PBXFileReference; lastKnownFileType = file.storyboard; name = Base; path = Base.lproj/LaunchScreen.storyboard; sourceTree = "<group>"; };
		4AD22ABC272C971700F820BF /* Info.plist */ = {isa = PBXFileReference; lastKnownFileType = text.plist.xml; path = Info.plist; sourceTree = "<group>"; };
/* End PBXFileReference section */

/* Begin PBXFrameworksBuildPhase section */
		4AD22AA8272C971500F820BF /* Frameworks */ = {
			isa = PBXFrameworksBuildPhase;
			buildActionMask = 2147483647;
			files = (
			);
			runOnlyForDeploymentPostprocessing = 0;
		};
/* End PBXFrameworksBuildPhase section */

/* Begin PBXGroup section */
		4A5DC3CC272C9F3F0033C983 /* Controllers */ = {
			isa = PBXGroup;
			children = (
				4AD22AB2272C971500F820BF /* ImageViewController.swift */,
				4A5DC3CA272C9F2F0033C983 /* Constants.swift */,
				4A5AD7D2272F6C2E004B08A3 /* ImageTableViewCell.swift */,
			);
			path = Controllers;
			sourceTree = "<group>";
		};
		4A5DC3CD272C9F580033C983 /* Views */ = {
			isa = PBXGroup;
			children = (
				4AD22AB4272C971500F820BF /* Main.storyboard */,
				4A5AD7D4272F9799004B08A3 /* ImageCell.swift */,
				4A5AD7D5272F9799004B08A3 /* ImageCell.xib */,
			);
			path = Views;
			sourceTree = "<group>";
		};
		4A5DC3D0272CA00F0033C983 /* Models */ = {
			isa = PBXGroup;
			children = (
				4A5DC3CE272CA0090033C983 /* NetworkManager.swift */,
				4A5DC3D1272CA0470033C983 /* ImageData.swift */,
			);
			path = Models;
			sourceTree = "<group>";
		};
		4AD22AA2272C971500F820BF = {
			isa = PBXGroup;
			children = (
				4AD22AAD272C971500F820BF /* NASA Images */,
				4AD22AAC272C971500F820BF /* Products */,
			);
			sourceTree = "<group>";
		};
		4AD22AAC272C971500F820BF /* Products */ = {
			isa = PBXGroup;
			children = (
				4AD22AAB272C971500F820BF /* NASA Images.app */,
			);
			name = Products;
			sourceTree = "<group>";
		};
		4AD22AAD272C971500F820BF /* NASA Images */ = {
			isa = PBXGroup;
			children = (
				4AD22AAE272C971500F820BF /* AppDelegate.swift */,
				4AD22AB0272C971500F820BF /* SceneDelegate.swift */,
				4A5DC3D0272CA00F0033C983 /* Models */,
				4A5DC3CD272C9F580033C983 /* Views */,
				4A5DC3CC272C9F3F0033C983 /* Controllers */,
				4AD22AB7272C971700F820BF /* Assets.xcassets */,
				4AD22AB9272C971700F820BF /* LaunchScreen.storyboard */,
				4AD22ABC272C971700F820BF /* Info.plist */,
			);
			path = "NASA Images";
			sourceTree = "<group>";
		};
/* End PBXGroup section */

/* Begin PBXNativeTarget section */
		4AD22AAA272C971500F820BF /* NASA Images */ = {
			isa = PBXNativeTarget;
			buildConfigurationList = 4AD22ABF272C971700F820BF /* Build configuration list for PBXNativeTarget "NASA Images" */;
			buildPhases = (
				4AD22AA7272C971500F820BF /* Sources */,
				4AD22AA8272C971500F820BF /* Frameworks */,
				4AD22AA9272C971500F820BF /* Resources */,
			);
			buildRules = (
			);
			dependencies = (
			);
			name = "NASA Images";
			productName = "NASA Images";
			productReference = 4AD22AAB272C971500F820BF /* NASA Images.app */;
			productType = "com.apple.product-type.application";
		};
/* End PBXNativeTarget section */

/* Begin PBXProject section */
		4AD22AA3272C971500F820BF /* Project object */ = {
			isa = PBXProject;
			attributes = {
				BuildIndependentTargetsInParallel = 1;
				LastSwiftUpdateCheck = 1300;
				LastUpgradeCheck = 1300;
				TargetAttributes = {
					4AD22AAA272C971500F820BF = {
						CreatedOnToolsVersion = 13.0;
					};
				};
			};
			buildConfigurationList = 4AD22AA6272C971500F820BF /* Build configuration list for PBXProject "NASA Images" */;
			compatibilityVersion = "Xcode 13.0";
			developmentRegion = en;
			hasScannedForEncodings = 0;
			knownRegions = (
				en,
				Base,
			);
			mainGroup = 4AD22AA2272C971500F820BF;
			productRefGroup = 4AD22AAC272C971500F820BF /* Products */;
			projectDirPath = "";
			projectRoot = "";
			targets = (
				4AD22AAA272C971500F820BF /* NASA Images */,
			);
		};
/* End PBXProject section */

/* Begin PBXResourcesBuildPhase section */
		4AD22AA9272C971500F820BF /* Resources */ = {
			isa = PBXResourcesBuildPhase;
			buildActionMask = 2147483647;
			files = (
				4AD22ABB272C971700F820BF /* LaunchScreen.storyboard in Resources */,
				4A5AD7D7272F9799004B08A3 /* ImageCell.xib in Resources */,
				4AD22AB8272C971700F820BF /* Assets.xcassets in Resources */,
				4AD22AB6272C971500F820BF /* Main.storyboard in Resources */,
			);
			runOnlyForDeploymentPostprocessing = 0;
		};
/* End PBXResourcesBuildPhase section */

/* Begin PBXSourcesBuildPhase section */
		4AD22AA7272C971500F820BF /* Sources */ = {
			isa = PBXSourcesBuildPhase;
			buildActionMask = 2147483647;
			files = (
				4A5AD7D3272F6C2E004B08A3 /* ImageTableViewCell.swift in Sources */,
				4AD22AB3272C971500F820BF /* ImageViewController.swift in Sources */,
				4AD22AAF272C971500F820BF /* AppDelegate.swift in Sources */,
				4A5DC3CF272CA0090033C983 /* NetworkManager.swift in Sources */,
				4AD22AB1272C971500F820BF /* SceneDelegate.swift in Sources */,
				4A5AD7D6272F9799004B08A3 /* ImageCell.swift in Sources */,
				4A5DC3CB272C9F2F0033C983 /* Constants.swift in Sources */,
				4A5DC3D2272CA0470033C983 /* ImageData.swift in Sources */,
			);
			runOnlyForDeploymentPostprocessing = 0;
		};
/* End PBXSourcesBuildPhase section */

/* Begin PBXVariantGroup section */
		4AD22AB4272C971500F820BF /* Main.storyboard */ = {
			isa = PBXVariantGroup;
			children = (
				4AD22AB5272C971500F820BF /* Base */,
			);
			name = Main.storyboard;
			sourceTree = "<group>";
		};
		4AD22AB9272C971700F820BF /* LaunchScreen.storyboard */ = {
			isa = PBXVariantGroup;
			children = (
				4AD22ABA272C971700F820BF /* Base */,
			);
			name = LaunchScreen.storyboard;
			sourceTree = "<group>";
		};
/* End PBXVariantGroup section */

/* Begin XCBuildConfiguration section */
		4AD22ABD272C971700F820BF /* Debug */ = {
			isa = XCBuildConfiguration;
			buildSettings = {
				ALWAYS_SEARCH_USER_PATHS = NO;
				CLANG_ANALYZER_NONNULL = YES;
				CLANG_ANALYZER_NUMBER_OBJECT_CONVERSION = YES_AGGRESSIVE;
				CLANG_CXX_LANGUAGE_STANDARD = "gnu++17";
				CLANG_CXX_LIBRARY = "libc++";
				CLANG_ENABLE_MODULES = YES;
				CLANG_ENABLE_OBJC_ARC = YES;
				CLANG_ENABLE_OBJC_WEAK = YES;
				CLANG_WARN_BLOCK_CAPTURE_AUTORELEASING = YES;
				CLANG_WARN_BOOL_CONVERSION = YES;
				CLANG_WARN_COMMA = YES;
				CLANG_WARN_CONSTANT_CONVERSION = YES;
				CLANG_WARN_DEPRECATED_OBJC_IMPLEMENTATIONS = YES;
				CLANG_WARN_DIRECT_OBJC_ISA_USAGE = YES_ERROR;
				CLANG_WARN_DOCUMENTATION_COMMENTS = YES;
				CLANG_WARN_EMPTY_BODY = YES;
				CLANG_WARN_ENUM_CONVERSION = YES;
				CLANG_WARN_INFINITE_RECURSION = YES;
				CLANG_WARN_INT_CONVERSION = YES;
				CLANG_WARN_NON_LITERAL_NULL_CONVERSION = YES;
				CLANG_WARN_OBJC_IMPLICIT_RETAIN_SELF = YES;
				CLANG_WARN_OBJC_LITERAL_CONVERSION = YES;
				CLANG_WARN_OBJC_ROOT_CLASS = YES_ERROR;
				CLANG_WARN_QUOTED_INCLUDE_IN_FRAMEWORK_HEADER = YES;
				CLANG_WARN_RANGE_LOOP_ANALYSIS = YES;
				CLANG_WARN_STRICT_PROTOTYPES = YES;
				CLANG_WARN_SUSPICIOUS_MOVE = YES;
				CLANG_WARN_UNGUARDED_AVAILABILITY = YES_AGGRESSIVE;
				CLANG_WARN_UNREACHABLE_CODE = YES;
				CLANG_WARN__DUPLICATE_METHOD_MATCH = YES;
				COPY_PHASE_STRIP = NO;
				DEBUG_INFORMATION_FORMAT = dwarf;
				ENABLE_STRICT_OBJC_MSGSEND = YES;
				ENABLE_TESTABILITY = YES;
				GCC_C_LANGUAGE_STANDARD = gnu11;
				GCC_DYNAMIC_NO_PIC = NO;
				GCC_NO_COMMON_BLOCKS = YES;
				GCC_OPTIMIZATION_LEVEL = 0;
				GCC_PREPROCESSOR_DEFINITIONS = (
					"DEBUG=1",
					"$(inherited)",
				);
				GCC_WARN_64_TO_32_BIT_CONVERSION = YES;
				GCC_WARN_ABOUT_RETURN_TYPE = YES_ERROR;
				GCC_WARN_UNDECLARED_SELECTOR = YES;
				GCC_WARN_UNINITIALIZED_AUTOS = YES_AGGRESSIVE;
				GCC_WARN_UNUSED_FUNCTION = YES;
				GCC_WARN_UNUSED_VARIABLE = YES;
				IPHONEOS_DEPLOYMENT_TARGET = 15.0;
				MTL_ENABLE_DEBUG_INFO = INCLUDE_SOURCE;
				MTL_FAST_MATH = YES;
				ONLY_ACTIVE_ARCH = YES;
				SDKROOT = iphoneos;
				SWIFT_ACTIVE_COMPILATION_CONDITIONS = DEBUG;
				SWIFT_OPTIMIZATION_LEVEL = "-Onone";
			};
			name = Debug;
		};
		4AD22ABE272C971700F820BF /* Release */ = {
			isa = XCBuildConfiguration;
			buildSettings = {
				ALWAYS_SEARCH_USER_PATHS = NO;
				CLANG_ANALYZER_NONNULL = YES;
				CLANG_ANALYZER_NUMBER_OBJECT_CONVERSION = YES_AGGRESSIVE;
				CLANG_CXX_LANGUAGE_STANDARD = "gnu++17";
				CLANG_CXX_LIBRARY = "libc++";
				CLANG_ENABLE_MODULES = YES;
				CLANG_ENABLE_OBJC_ARC = YES;
				CLANG_ENABLE_OBJC_WEAK = YES;
				CLANG_WARN_BLOCK_CAPTURE_AUTORELEASING = YES;
				CLANG_WARN_BOOL_CONVERSION = YES;
				CLANG_WARN_COMMA = YES;
				CLANG_WARN_CONSTANT_CONVERSION = YES;
				CLANG_WARN_DEPRECATED_OBJC_IMPLEMENTATIONS = YES;
				CLANG_WARN_DIRECT_OBJC_ISA_USAGE = YES_ERROR;
				CLANG_WARN_DOCUMENTATION_COMMENTS = YES;
				CLANG_WARN_EMPTY_BODY = YES;
				CLANG_WARN_ENUM_CONVERSION = YES;
				CLANG_WARN_INFINITE_RECURSION = YES;
				CLANG_WARN_INT_CONVERSION = YES;
				CLANG_WARN_NON_LITERAL_NULL_CONVERSION = YES;
				CLANG_WARN_OBJC_IMPLICIT_RETAIN_SELF = YES;
				CLANG_WARN_OBJC_LITERAL_CONVERSION = YES;
				CLANG_WARN_OBJC_ROOT_CLASS = YES_ERROR;
				CLANG_WARN_QUOTED_INCLUDE_IN_FRAMEWORK_HEADER = YES;
				CLANG_WARN_RANGE_LOOP_ANALYSIS = YES;
				CLANG_WARN_STRICT_PROTOTYPES = YES;
				CLANG_WARN_SUSPICIOUS_MOVE = YES;
				CLANG_WARN_UNGUARDED_AVAILABILITY = YES_AGGRESSIVE;
				CLANG_WARN_UNREACHABLE_CODE = YES;
				CLANG_WARN__DUPLICATE_METHOD_MATCH = YES;
				COPY_PHASE_STRIP = NO;
				DEBUG_INFORMATION_FORMAT = "dwarf-with-dsym";
				ENABLE_NS_ASSERTIONS = NO;
				ENABLE_STRICT_OBJC_MSGSEND = YES;
				GCC_C_LANGUAGE_STANDARD = gnu11;
				GCC_NO_COMMON_BLOCKS = YES;
				GCC_WARN_64_TO_32_BIT_CONVERSION = YES;
				GCC_WARN_ABOUT_RETURN_TYPE = YES_ERROR;
				GCC_WARN_UNDECLARED_SELECTOR = YES;
				GCC_WARN_UNINITIALIZED_AUTOS = YES_AGGRESSIVE;
				GCC_WARN_UNUSED_FUNCTION = YES;
				GCC_WARN_UNUSED_VARIABLE = YES;
				IPHONEOS_DEPLOYMENT_TARGET = 15.0;
				MTL_ENABLE_DEBUG_INFO = NO;
				MTL_FAST_MATH = YES;
				SDKROOT = iphoneos;
				SWIFT_COMPILATION_MODE = wholemodule;
				SWIFT_OPTIMIZATION_LEVEL = "-O";
				VALIDATE_PRODUCT = YES;
			};
			name = Release;
		};
		4AD22AC0272C971700F820BF /* Debug */ = {
			isa = XCBuildConfiguration;
			buildSettings = {
				ASSETCATALOG_COMPILER_APPICON_NAME = AppIcon;
				ASSETCATALOG_COMPILER_GLOBAL_ACCENT_COLOR_NAME = AccentColor;
				CODE_SIGN_STYLE = Automatic;
				CURRENT_PROJECT_VERSION = 1;
				DEVELOPMENT_TEAM = L3URJ75L9U;
				GENERATE_INFOPLIST_FILE = YES;
				INFOPLIST_FILE = "NASA Images/Info.plist";
				INFOPLIST_KEY_UIApplicationSupportsIndirectInputEvents = YES;
				INFOPLIST_KEY_UILaunchStoryboardName = LaunchScreen;
				INFOPLIST_KEY_UIMainStoryboardFile = Main;
				INFOPLIST_KEY_UISupportedInterfaceOrientations_iPad = "UIInterfaceOrientationPortrait UIInterfaceOrientationPortraitUpsideDown UIInterfaceOrientationLandscapeLeft UIInterfaceOrientationLandscapeRight";
				INFOPLIST_KEY_UISupportedInterfaceOrientations_iPhone = "UIInterfaceOrientationPortrait UIInterfaceOrientationLandscapeLeft UIInterfaceOrientationLandscapeRight";
				LD_RUNPATH_SEARCH_PATHS = (
					"$(inherited)",
					"@executable_path/Frameworks",
				);
				MARKETING_VERSION = 1.0;
				PRODUCT_BUNDLE_IDENTIFIER = "com.ilovetechnologies.NASA-Images";
				PRODUCT_NAME = "$(TARGET_NAME)";
				SWIFT_EMIT_LOC_STRINGS = YES;
				SWIFT_VERSION = 5.0;
				TARGETED_DEVICE_FAMILY = "1,2";
			};
			name = Debug;
		};
		4AD22AC1272C971700F820BF /* Release */ = {
			isa = XCBuildConfiguration;
			buildSettings = {
				ASSETCATALOG_COMPILER_APPICON_NAME = AppIcon;
				ASSETCATALOG_COMPILER_GLOBAL_ACCENT_COLOR_NAME = AccentColor;
				CODE_SIGN_STYLE = Automatic;
				CURRENT_PROJECT_VERSION = 1;
				DEVELOPMENT_TEAM = L3URJ75L9U;
				GENERATE_INFOPLIST_FILE = YES;
				INFOPLIST_FILE = "NASA Images/Info.plist";
				INFOPLIST_KEY_UIApplicationSupportsIndirectInputEvents = YES;
				INFOPLIST_KEY_UILaunchStoryboardName = LaunchScreen;
				INFOPLIST_KEY_UIMainStoryboardFile = Main;
				INFOPLIST_KEY_UISupportedInterfaceOrientations_iPad = "UIInterfaceOrientationPortrait UIInterfaceOrientationPortraitUpsideDown UIInterfaceOrientationLandscapeLeft UIInterfaceOrientationLandscapeRight";
				INFOPLIST_KEY_UISupportedInterfaceOrientations_iPhone = "UIInterfaceOrientationPortrait UIInterfaceOrientationLandscapeLeft UIInterfaceOrientationLandscapeRight";
				LD_RUNPATH_SEARCH_PATHS = (
					"$(inherited)",
					"@executable_path/Frameworks",
				);
				MARKETING_VERSION = 1.0;
				PRODUCT_BUNDLE_IDENTIFIER = "com.ilovetechnologies.NASA-Images";
				PRODUCT_NAME = "$(TARGET_NAME)";
				SWIFT_EMIT_LOC_STRINGS = YES;
				SWIFT_VERSION = 5.0;
				TARGETED_DEVICE_FAMILY = "1,2";
			};
			name = Release;
		};
/* End XCBuildConfiguration section */

/* Begin XCConfigurationList section */
		4AD22AA6272C971500F820BF /* Build configuration list for PBXProject "NASA Images" */ = {
			isa = XCConfigurationList;
			buildConfigurations = (
				4AD22ABD272C971700F820BF /* Debug */,
				4AD22ABE272C971700F820BF /* Release */,
			);
			defaultConfigurationIsVisible = 0;
			defaultConfigurationName = Release;
		};
		4AD22ABF272C971700F820BF /* Build configuration list for PBXNativeTarget "NASA Images" */ = {
			isa = XCConfigurationList;
			buildConfigurations = (
				4AD22AC0272C971700F820BF /* Debug */,
				4AD22AC1272C971700F820BF /* Release */,
			);
			defaultConfigurationIsVisible = 0;
			defaultConfigurationName = Release;
		};
/* End XCConfigurationList section */
	};
	rootObject = 4AD22AA3272C971500F820BF /* Project object */;
}
